# THIS IS AN AUTOGENERATED FILE. DO NOT EDIT THIS FILE DIRECTLY.
# yarn lockfile v1


"@auth/core@0.32.0":
  version "0.32.0"
  resolved "https://registry.yarnpkg.com/@auth/core/-/core-0.32.0.tgz#2bc9ba7c52fba798ed46706bbd30d4d5c7021d75"
  integrity sha512-3+ssTScBd+1fd0/fscAyQN1tSygXzuhysuVVzB942ggU4mdfiTbv36P0ccVnExKWYJKvu3E2r3/zxXCCAmTOrg==
  dependencies:
    "@panva/hkdf" "^1.1.1"
    "@types/cookie" "0.6.0"
    cookie "0.6.0"
    jose "^5.1.3"
    oauth4webapi "^2.9.0"
    preact "10.11.3"
    preact-render-to-string "5.2.3"

"@auth/core@0.34.2":
  version "0.34.2"
  resolved "https://registry.yarnpkg.com/@auth/core/-/core-0.34.2.tgz#645fd1f972842ca473d110a34a5a36838209bf10"
  integrity sha512-KywHKRgLiF3l7PLyL73fjLSIBe1YNcA6sMeew4yMP6cfCWGXZrkkXd32AjRi1hlJ9nvovUBGZHvbn+LijO6ZeQ==
  dependencies:
    "@panva/hkdf" "^1.1.1"
    "@types/cookie" "0.6.0"
    cookie "0.6.0"
    jose "^5.1.3"
    oauth4webapi "^2.10.4"
    preact "10.11.3"
    preact-render-to-string "5.2.3"

"@auth/prisma-adapter@^2.4.2":
  version "2.4.2"
  resolved "https://registry.yarnpkg.com/@auth/prisma-adapter/-/prisma-adapter-2.4.2.tgz#e1a30de0a3df2fbc6eda348b83b9338672a33b08"
  integrity sha512-QQwnGYfDiyTcAxMVhTrim+lLFFA3TKq3nIrbPtGZXlkiuNQ5t0rUg//Km7Wv21pD5bxhy4aRPlfq7TdFKk3XIw==
  dependencies:
    "@auth/core" "0.34.2"

"@next/env@14.2.5":
  version "14.2.5"
  resolved "https://registry.yarnpkg.com/@next/env/-/env-14.2.5.tgz#1d9328ab828711d3517d0a1d505acb55e5ef7ad0"
  integrity sha512-/zZGkrTOsraVfYjGP8uM0p6r0BDT6xWpkjdVbcz66PJVSpwXX3yNiRycxAuDfBKGWBrZBXRuK/YVlkNgxHGwmA==

"@next/swc-darwin-arm64@14.2.5":
  version "14.2.5"
  resolved "https://registry.yarnpkg.com/@next/swc-darwin-arm64/-/swc-darwin-arm64-14.2.5.tgz#d0a160cf78c18731c51cc0bff131c706b3e9bb05"
  integrity sha512-/9zVxJ+K9lrzSGli1///ujyRfon/ZneeZ+v4ptpiPoOU+GKZnm8Wj8ELWU1Pm7GHltYRBklmXMTUqM/DqQ99FQ==

"@next/swc-darwin-x64@14.2.5":
  version "14.2.5"
  resolved "https://registry.yarnpkg.com/@next/swc-darwin-x64/-/swc-darwin-x64-14.2.5.tgz#eb832a992407f6e6352eed05a073379f1ce0589c"
  integrity sha512-vXHOPCwfDe9qLDuq7U1OYM2wUY+KQ4Ex6ozwsKxp26BlJ6XXbHleOUldenM67JRyBfVjv371oneEvYd3H2gNSA==

"@next/swc-linux-arm64-gnu@14.2.5":
  version "14.2.5"
  resolved "https://registry.yarnpkg.com/@next/swc-linux-arm64-gnu/-/swc-linux-arm64-gnu-14.2.5.tgz#098fdab57a4664969bc905f5801ef5a89582c689"
  integrity sha512-vlhB8wI+lj8q1ExFW8lbWutA4M2ZazQNvMWuEDqZcuJJc78iUnLdPPunBPX8rC4IgT6lIx/adB+Cwrl99MzNaA==

"@next/swc-linux-arm64-musl@14.2.5":
  version "14.2.5"
  resolved "https://registry.yarnpkg.com/@next/swc-linux-arm64-musl/-/swc-linux-arm64-musl-14.2.5.tgz#243a1cc1087fb75481726dd289c7b219fa01f2b5"
  integrity sha512-NpDB9NUR2t0hXzJJwQSGu1IAOYybsfeB+LxpGsXrRIb7QOrYmidJz3shzY8cM6+rO4Aojuef0N/PEaX18pi9OA==

"@next/swc-linux-x64-gnu@14.2.5":
  version "14.2.5"
  resolved "https://registry.yarnpkg.com/@next/swc-linux-x64-gnu/-/swc-linux-x64-gnu-14.2.5.tgz#b8a2e436387ee4a52aa9719b718992e0330c4953"
  integrity sha512-8XFikMSxWleYNryWIjiCX+gU201YS+erTUidKdyOVYi5qUQo/gRxv/3N1oZFCgqpesN6FPeqGM72Zve+nReVXQ==

"@next/swc-linux-x64-musl@14.2.5":
  version "14.2.5"
  resolved "https://registry.yarnpkg.com/@next/swc-linux-x64-musl/-/swc-linux-x64-musl-14.2.5.tgz#cb8a9adad5fb8df86112cfbd363aab5c6d32757b"
  integrity sha512-6QLwi7RaYiQDcRDSU/os40r5o06b5ue7Jsk5JgdRBGGp8l37RZEh9JsLSM8QF0YDsgcosSeHjglgqi25+m04IQ==

"@next/swc-win32-arm64-msvc@14.2.5":
  version "14.2.5"
  resolved "https://registry.yarnpkg.com/@next/swc-win32-arm64-msvc/-/swc-win32-arm64-msvc-14.2.5.tgz#81f996c1c38ea0900d4e7719cc8814be8a835da0"
  integrity sha512-1GpG2VhbspO+aYoMOQPQiqc/tG3LzmsdBH0LhnDS3JrtDx2QmzXe0B6mSZZiN3Bq7IOMXxv1nlsjzoS1+9mzZw==

"@next/swc-win32-ia32-msvc@14.2.5":
  version "14.2.5"
  resolved "https://registry.yarnpkg.com/@next/swc-win32-ia32-msvc/-/swc-win32-ia32-msvc-14.2.5.tgz#f61c74ce823e10b2bc150e648fc192a7056422e0"
  integrity sha512-Igh9ZlxwvCDsu6438FXlQTHlRno4gFpJzqPjSIBZooD22tKeI4fE/YMRoHVJHmrQ2P5YL1DoZ0qaOKkbeFWeMg==

"@next/swc-win32-x64-msvc@14.2.5":
  version "14.2.5"
  resolved "https://registry.yarnpkg.com/@next/swc-win32-x64-msvc/-/swc-win32-x64-msvc-14.2.5.tgz#ed199a920efb510cfe941cd75ed38a7be21e756f"
  integrity sha512-tEQ7oinq1/CjSG9uSTerca3v4AZ+dFa+4Yu6ihaG8Ud8ddqLQgFGcnwYls13H5X5CPDPZJdYxyeMui6muOLd4g==

"@panva/hkdf@^1.1.1":
  version "1.2.1"
  resolved "https://registry.yarnpkg.com/@panva/hkdf/-/hkdf-1.2.1.tgz#cb0d111ef700136f4580349ff0226bf25c853f23"
  integrity sha512-6oclG6Y3PiDFcoyk8srjLfVKyMfVCKJ27JwNPViuXziFpmdz+MZnZN/aKY0JGXgYuO/VghU0jcOAZgWXZ1Dmrw==

"@prisma/client@^5.17.0":
  version "5.17.0"
  resolved "https://registry.yarnpkg.com/@prisma/client/-/client-5.17.0.tgz#9079947bd749689c2dabfb9ecc70a24ebefb1f43"
  integrity sha512-N2tnyKayT0Zf7mHjwEyE8iG7FwTmXDHFZ1GnNhQp0pJUObsuel4ZZ1XwfuAYkq5mRIiC/Kot0kt0tGCfLJ70Jw==

"@prisma/debug@5.17.0":
  version "5.17.0"
  resolved "https://registry.yarnpkg.com/@prisma/debug/-/debug-5.17.0.tgz#a765105848993984535b6066f8ebc6e6ead26533"
  integrity sha512-l7+AteR3P8FXiYyo496zkuoiJ5r9jLQEdUuxIxNCN1ud8rdbH3GTxm+f+dCyaSv9l9WY+29L9czaVRXz9mULfg==

"@prisma/engines-version@5.17.0-31.393aa359c9ad4a4bb28630fb5613f9c281cde053":
  version "5.17.0-31.393aa359c9ad4a4bb28630fb5613f9c281cde053"
  resolved "https://registry.yarnpkg.com/@prisma/engines-version/-/engines-version-5.17.0-31.393aa359c9ad4a4bb28630fb5613f9c281cde053.tgz#3c7cc1ef3ebc34cbd069e5873b9982f2aabf5acd"
  integrity sha512-tUuxZZysZDcrk5oaNOdrBnnkoTtmNQPkzINFDjz7eG6vcs9AVDmA/F6K5Plsb2aQc/l5M2EnFqn3htng9FA4hg==

"@prisma/engines@5.17.0":
  version "5.17.0"
  resolved "https://registry.yarnpkg.com/@prisma/engines/-/engines-5.17.0.tgz#74dd1aabb22675892760b3cf69a448e3aef4616b"
  integrity sha512-+r+Nf+JP210Jur+/X8SIPLtz+uW9YA4QO5IXA+KcSOBe/shT47bCcRMTYCbOESw3FFYFTwe7vU6KTWHKPiwvtg==
  dependencies:
    "@prisma/debug" "5.17.0"
    "@prisma/engines-version" "5.17.0-31.393aa359c9ad4a4bb28630fb5613f9c281cde053"
    "@prisma/fetch-engine" "5.17.0"
    "@prisma/get-platform" "5.17.0"

"@prisma/fetch-engine@5.17.0":
  version "5.17.0"
  resolved "https://registry.yarnpkg.com/@prisma/fetch-engine/-/fetch-engine-5.17.0.tgz#f718dc7426411d1ebeeee53e2d0d38652387f87c"
  integrity sha512-ESxiOaHuC488ilLPnrv/tM2KrPhQB5TRris/IeIV4ZvUuKeaicCl4Xj/JCQeG9IlxqOgf1cCg5h5vAzlewN91Q==
  dependencies:
    "@prisma/debug" "5.17.0"
    "@prisma/engines-version" "5.17.0-31.393aa359c9ad4a4bb28630fb5613f9c281cde053"
    "@prisma/get-platform" "5.17.0"

"@prisma/get-platform@5.17.0":
  version "5.17.0"
  resolved "https://registry.yarnpkg.com/@prisma/get-platform/-/get-platform-5.17.0.tgz#89fdcae2adddebbbf0e7bd0474a6c49d6023519b"
  integrity sha512-UlDgbRozCP1rfJ5Tlkf3Cnftb6srGrEQ4Nm3og+1Se2gWmCZ0hmPIi+tQikGDUVLlvOWx3Gyi9LzgRP+HTXV9w==
  dependencies:
    "@prisma/debug" "5.17.0"

"@swc/counter@^0.1.3":
  version "0.1.3"
  resolved "https://registry.yarnpkg.com/@swc/counter/-/counter-0.1.3.tgz#cc7463bd02949611c6329596fccd2b0ec782b0e9"
  integrity sha512-e2BR4lsJkkRlKZ/qCHPw9ZaSxc0MVUd7gtbtaB7aMvHeJVYe8sOB8DBZkP2DtISHGSku9sCK6T6cnY0CtXrOCQ==

"@swc/helpers@0.5.5":
  version "0.5.5"
  resolved "https://registry.yarnpkg.com/@swc/helpers/-/helpers-0.5.5.tgz#12689df71bfc9b21c4f4ca00ae55f2f16c8b77c0"
  integrity sha512-KGYxvIOXcceOAbEk4bi/dVLEK9z8sZ0uBB3Il5b1rhfClSpcX0yfRO0KmTkqR2cnQDymwLB+25ZyMzICg/cm/A==
  dependencies:
    "@swc/counter" "^0.1.3"
    tslib "^2.4.0"

"@types/cookie@0.6.0":
  version "0.6.0"
  resolved "https://registry.yarnpkg.com/@types/cookie/-/cookie-0.6.0.tgz#eac397f28bf1d6ae0ae081363eca2f425bedf0d5"
  integrity sha512-4Kh9a6B2bQciAhf7FSuMRRkUWecJgJu9nPnx3yzpsfXX/c50REIqpHY4C82bXP90qrLtXtkDxTZosYO3UpOwlA==

"@types/node@^20":
  version "20.14.11"
  resolved "https://registry.yarnpkg.com/@types/node/-/node-20.14.11.tgz#09b300423343460455043ddd4d0ded6ac579b74b"
  integrity sha512-kprQpL8MMeszbz6ojB5/tU8PLN4kesnN8Gjzw349rDlNgsSzg90lAVj3llK99Dh7JON+t9AuscPPFW6mPbTnSA==
  dependencies:
    undici-types "~5.26.4"

"@types/prop-types@*":
  version "15.7.12"
  resolved "https://registry.yarnpkg.com/@types/prop-types/-/prop-types-15.7.12.tgz#12bb1e2be27293c1406acb6af1c3f3a1481d98c6"
  integrity sha512-5zvhXYtRNRluoE/jAp4GVsSduVUzNWKkOZrCDBWYtE7biZywwdC2AcEzg+cSMLFRfVgeAFqpfNabiPjxFddV1Q==

"@types/react-dom@^18":
  version "18.3.0"
  resolved "https://registry.yarnpkg.com/@types/react-dom/-/react-dom-18.3.0.tgz#0cbc818755d87066ab6ca74fbedb2547d74a82b0"
  integrity sha512-EhwApuTmMBmXuFOikhQLIBUn6uFg81SwLMOAUgodJF14SOBOCMdU04gDoYi0WOJJHD144TL32z4yDqCW3dnkQg==
  dependencies:
    "@types/react" "*"

"@types/react@*", "@types/react@^18":
  version "18.3.3"
  resolved "https://registry.yarnpkg.com/@types/react/-/react-18.3.3.tgz#9679020895318b0915d7a3ab004d92d33375c45f"
  integrity sha512-hti/R0pS0q1/xx+TsI73XIqk26eBsISZ2R0wUijXIngRK9R/e7Xw/cXVxQK7R5JjW+SV4zGcn5hXjudkN/pLIw==
  dependencies:
    "@types/prop-types" "*"
    csstype "^3.0.2"

"@vercel/speed-insights@^1.0.12":
  version "1.0.12"
  resolved "https://registry.yarnpkg.com/@vercel/speed-insights/-/speed-insights-1.0.12.tgz#71c2edffdedae98d34e306d7b0a573e6816898b4"
  integrity sha512-ZGQ+a7bcfWJD2VYEp2R1LHvRAMyyaFBYytZXsfnbOMkeOvzGNVxUL7aVUvisIrTZjXTSsxG45DKX7yiw6nq2Jw==

busboy@1.6.0:
  version "1.6.0"
  resolved "https://registry.yarnpkg.com/busboy/-/busboy-1.6.0.tgz#966ea36a9502e43cdb9146962523b92f531f6893"
  integrity sha512-8SFQbg/0hQ9xy3UNTB0YEnsNBbWfhf7RtnzpL7TkBiTBRfrQ9Fxcnz7VJsleJpyp6rVLvXiuORqjlHi5q+PYuA==
  dependencies:
    streamsearch "^1.1.0"

caniuse-lite@^1.0.30001579:
  version "1.0.30001643"
  resolved "https://registry.yarnpkg.com/caniuse-lite/-/caniuse-lite-1.0.30001643.tgz#9c004caef315de9452ab970c3da71085f8241dbd"
  integrity sha512-ERgWGNleEilSrHM6iUz/zJNSQTP8Mr21wDWpdgvRwcTXGAq6jMtOUPP4dqFPTdKqZ2wKTdtB+uucZ3MRpAUSmg==

client-only@0.0.1:
  version "0.0.1"
  resolved "https://registry.yarnpkg.com/client-only/-/client-only-0.0.1.tgz#38bba5d403c41ab150bff64a95c85013cf73bca1"
  integrity sha512-IV3Ou0jSMzZrd3pZ48nLkT9DA7Ag1pnPzaiQhpW7c3RbcqqzvzzVu+L8gfqMp/8IM2MQtSiqaCxrrcfu8I8rMA==

cookie@0.6.0:
  version "0.6.0"
  resolved "https://registry.yarnpkg.com/cookie/-/cookie-0.6.0.tgz#2798b04b071b0ecbff0dbb62a505a8efa4e19051"
  integrity sha512-U71cyTamuh1CRNCfpGY6to28lxvNwPG4Guz/EVjgf3Jmzv0vlDp1atT9eS5dDjMYHucpHbWns6Lwf3BKz6svdw==

csstype@^3.0.2:
  version "3.1.3"
  resolved "https://registry.yarnpkg.com/csstype/-/csstype-3.1.3.tgz#d80ff294d114fb0e6ac500fbf85b60137d7eff81"
  integrity sha512-M1uQkMl8rQK/szD0LNhtqxIPLpimGm8sOBwU7lLnCpSbTyY3yeU1Vc7l4KT5zT4s/yOxHH5O7tIuuLOCnLADRw==

graceful-fs@^4.2.11:
  version "4.2.11"
  resolved "https://registry.yarnpkg.com/graceful-fs/-/graceful-fs-4.2.11.tgz#4183e4e8bf08bb6e05bbb2f7d2e0c8f712ca40e3"
  integrity sha512-RbJ5/jmFcNNCcDV5o9eTnBLJ/HszWV0P73bc+Ff4nS/rJj+YaS6IGyiOL0VoBYX+l1Wrl3k63h/KrH+nhJ0XvQ==

jose@^5.1.3:
  version "5.6.3"
  resolved "https://registry.yarnpkg.com/jose/-/jose-5.6.3.tgz#415688bc84875461c86dfe271ea6029112a23e27"
  integrity sha512-1Jh//hEEwMhNYPDDLwXHa2ePWgWiFNNUadVmguAAw2IJ6sj9mNxV5tGXJNqlMkJAybF6Lgw1mISDxTePP/187g==

"js-tokens@^3.0.0 || ^4.0.0":
  version "4.0.0"
  resolved "https://registry.yarnpkg.com/js-tokens/-/js-tokens-4.0.0.tgz#19203fb59991df98e3a287050d4647cdeaf32499"
  integrity sha512-RdJUflcE3cUzKiMqQgsCu06FPu9UdIJO0beYbPhHN4k6apgJtifcoCtT9bcxOpYBtpD2kCM6Sbzg4CausW/PKQ==

loose-envify@^1.1.0:
  version "1.4.0"
  resolved "https://registry.yarnpkg.com/loose-envify/-/loose-envify-1.4.0.tgz#71ee51fa7be4caec1a63839f7e682d8132d30caf"
  integrity sha512-lyuxPGr/Wfhrlem2CL/UcnUc1zcqKAImBDzukY7Y5F/yQiNdko6+fRLevlw1HgMySw7f611UIY408EtxRSoK3Q==
  dependencies:
    js-tokens "^3.0.0 || ^4.0.0"

nanoid@^3.3.6:
  version "3.3.7"
  resolved "https://registry.yarnpkg.com/nanoid/-/nanoid-3.3.7.tgz#d0c301a691bc8d54efa0a2226ccf3fe2fd656bd8"
  integrity sha512-eSRppjcPIatRIMC1U6UngP8XFcz8MQWGQdt1MTBQ7NaAmvXDfvNxbvWV3x2y6CdEUciCSsDHDQZbhYaB8QEo2g==

next-auth@^5.0.0-beta.19:
  version "5.0.0-beta.19"
  resolved "https://registry.yarnpkg.com/next-auth/-/next-auth-5.0.0-beta.19.tgz#2f99d8d28c2ee6ee3c6ba48361e482935e267648"
  integrity sha512-YHu1igcAxZPh8ZB7GIM93dqgY6gcAzq66FOhQFheAdOx1raxNcApt05nNyNCSB6NegSiyJ4XOPsaNow4pfDmsg==
  dependencies:
    "@auth/core" "0.32.0"

next@14.2.5:
  version "14.2.5"
  resolved "https://registry.yarnpkg.com/next/-/next-14.2.5.tgz#afe4022bb0b752962e2205836587a289270efbea"
  integrity sha512-0f8aRfBVL+mpzfBjYfQuLWh2WyAwtJXCRfkPF4UJ5qd2YwrHczsrSzXU4tRMV0OAxR8ZJZWPFn6uhSC56UTsLA==
  dependencies:
    "@next/env" "14.2.5"
    "@swc/helpers" "0.5.5"
    busboy "1.6.0"
    caniuse-lite "^1.0.30001579"
    graceful-fs "^4.2.11"
    postcss "8.4.31"
    styled-jsx "5.1.1"
  optionalDependencies:
    "@next/swc-darwin-arm64" "14.2.5"
    "@next/swc-darwin-x64" "14.2.5"
    "@next/swc-linux-arm64-gnu" "14.2.5"
    "@next/swc-linux-arm64-musl" "14.2.5"
    "@next/swc-linux-x64-gnu" "14.2.5"
    "@next/swc-linux-x64-musl" "14.2.5"
    "@next/swc-win32-arm64-msvc" "14.2.5"
    "@next/swc-win32-ia32-msvc" "14.2.5"
    "@next/swc-win32-x64-msvc" "14.2.5"

oauth4webapi@^2.10.4, oauth4webapi@^2.9.0:
  version "2.11.1"
  resolved "https://registry.yarnpkg.com/oauth4webapi/-/oauth4webapi-2.11.1.tgz#8d79e6b0d54ead203094f185a11031f3f9978465"
  integrity sha512-aNzOnL98bL6izG97zgnZs1PFEyO4WDVRhz2Pd066NPak44w5ESLRCYmJIyey8avSBPOMtBjhF3ZDDm7bIb7UOg==

picocolors@^1.0.0:
  version "1.0.1"
  resolved "https://registry.yarnpkg.com/picocolors/-/picocolors-1.0.1.tgz#a8ad579b571952f0e5d25892de5445bcfe25aaa1"
  integrity sha512-anP1Z8qwhkbmu7MFP5iTt+wQKXgwzf7zTyGlcdzabySa9vd0Xt392U0rVmz9poOaBj0uHJKyyo9/upk0HrEQew==

postcss@8.4.31:
  version "8.4.31"
  resolved "https://registry.yarnpkg.com/postcss/-/postcss-8.4.31.tgz#92b451050a9f914da6755af352bdc0192508656d"
  integrity sha512-PS08Iboia9mts/2ygV3eLpY5ghnUcfLV/EXTOW1E2qYxJKGGBUtNjN76FYHnMs36RmARn41bC0AZmn+rR0OVpQ==
  dependencies:
    nanoid "^3.3.6"
    picocolors "^1.0.0"
    source-map-js "^1.0.2"

preact-render-to-string@5.2.3:
  version "5.2.3"
  resolved "https://registry.yarnpkg.com/preact-render-to-string/-/preact-render-to-string-5.2.3.tgz#23d17376182af720b1060d5a4099843c7fe92fe4"
  integrity sha512-aPDxUn5o3GhWdtJtW0svRC2SS/l8D9MAgo2+AWml+BhDImb27ALf04Q2d+AHqUUOc6RdSXFIBVa2gxzgMKgtZA==
  dependencies:
    pretty-format "^3.8.0"

preact@10.11.3:
  version "10.11.3"
  resolved "https://registry.yarnpkg.com/preact/-/preact-10.11.3.tgz#8a7e4ba19d3992c488b0785afcc0f8aa13c78d19"
  integrity sha512-eY93IVpod/zG3uMF22Unl8h9KkrcKIRs2EGar8hwLZZDU1lkjph303V9HZBwufh2s736U6VXuhD109LYqPoffg==

pretty-format@^3.8.0:
  version "3.8.0"
  resolved "https://registry.yarnpkg.com/pretty-format/-/pretty-format-3.8.0.tgz#bfbed56d5e9a776645f4b1ff7aa1a3ac4fa3c385"
  integrity sha512-WuxUnVtlWL1OfZFQFuqvnvs6MiAGk9UNsBostyBOB0Is9wb5uRESevA6rnl/rkksXaGX3GzZhPup5d6Vp1nFew==

prisma@^5.17.0:
  version "5.17.0"
  resolved "https://registry.yarnpkg.com/prisma/-/prisma-5.17.0.tgz#267b43921ab94805b010537cffa5ccaf530fa066"
  integrity sha512-m4UWkN5lBE6yevqeOxEvmepnL5cNPEjzMw2IqDB59AcEV6w7D8vGljDLd1gPFH+W6gUxw9x7/RmN5dCS/WTPxA==
  dependencies:
    "@prisma/engines" "5.17.0"

react-dom@^18:
  version "18.3.1"
  resolved "https://registry.yarnpkg.com/react-dom/-/react-dom-18.3.1.tgz#c2265d79511b57d479b3dd3fdfa51536494c5cb4"
  integrity sha512-5m4nQKp+rZRb09LNH59GM4BxTh9251/ylbKIbpe7TpGxfJ+9kv6BLkLBXIjjspbgbnIBNqlI23tRnTWT0snUIw==
  dependencies:
    loose-envify "^1.1.0"
    scheduler "^0.23.2"

react-icons@^5.2.1:
  version "5.2.1"
  resolved "https://registry.yarnpkg.com/react-icons/-/react-icons-5.2.1.tgz#28c2040917b2a2eda639b0f797bff1888e018e4a"
  integrity sha512-zdbW5GstTzXaVKvGSyTaBalt7HSfuK5ovrzlpyiWHAFXndXTdd/1hdDHI4xBM1Mn7YriT6aqESucFl9kEXzrdw==

react@^18:
  version "18.3.1"
  resolved "https://registry.yarnpkg.com/react/-/react-18.3.1.tgz#49ab892009c53933625bd16b2533fc754cab2891"
  integrity sha512-wS+hAgJShR0KhEvPJArfuPVN1+Hz1t0Y6n5jLrGQbkb4urgPE/0Rve+1kMB1v/oWgHgm4WIcV+i7F2pTVj+2iQ==
  dependencies:
    loose-envify "^1.1.0"

scheduler@^0.23.2:
  version "0.23.2"
  resolved "https://registry.yarnpkg.com/scheduler/-/scheduler-0.23.2.tgz#414ba64a3b282892e944cf2108ecc078d115cdc3"
  integrity sha512-UOShsPwz7NrMUqhR6t0hWjFduvOzbtv7toDH1/hIrfRNIDBnnBWd0CwJTGvTpngVlmwGCdP9/Zl/tVrDqcuYzQ==
  dependencies:
    loose-envify "^1.1.0"

source-map-js@^1.0.2:
  version "1.2.0"
  resolved "https://registry.yarnpkg.com/source-map-js/-/source-map-js-1.2.0.tgz#16b809c162517b5b8c3e7dcd315a2a5c2612b2af"
  integrity sha512-itJW8lvSA0TXEphiRoawsCksnlf8SyvmFzIhltqAHluXd88pkCd+cXJVHTDwdCr0IzwptSm035IHQktUu1QUMg==

streamsearch@^1.1.0:
  version "1.1.0"
  resolved "https://registry.yarnpkg.com/streamsearch/-/streamsearch-1.1.0.tgz#404dd1e2247ca94af554e841a8ef0eaa238da764"
  integrity sha512-Mcc5wHehp9aXz1ax6bZUyY5afg9u2rv5cqQI3mRrYkGC8rW2hM02jWuwjtL++LS5qinSyhj2QfLyNsuc+VsExg==

styled-jsx@5.1.1:
  version "5.1.1"
  resolved "https://registry.yarnpkg.com/styled-jsx/-/styled-jsx-5.1.1.tgz#839a1c3aaacc4e735fed0781b8619ea5d0009d1f"
  integrity sha512-pW7uC1l4mBZ8ugbiZrcIsiIvVx1UmTfw7UkC3Um2tmfUq9Bhk8IiyEIPl6F8agHgjzku6j0xQEZbfA5uSgSaCw==
  dependencies:
    client-only "0.0.1"

tslib@^2.4.0:
  version "2.6.3"
  resolved "https://registry.yarnpkg.com/tslib/-/tslib-2.6.3.tgz#0438f810ad7a9edcde7a241c3d80db693c8cbfe0"
  integrity sha512-xNvxJEOUiWPGhUuUdQgAJPKOOJfGnIyKySOc09XkKsgdUV/3E2zvwZYdejjmRgPCgcym1juLH3226yA7sEFJKQ==

typescript@^5:
  version "5.5.3"
  resolved "https://registry.yarnpkg.com/typescript/-/typescript-5.5.3.tgz#e1b0a3c394190838a0b168e771b0ad56a0af0faa"
  integrity sha512-/hreyEujaB0w76zKo6717l3L0o/qEUtRgdvUBvlkhoWeOVMjMuHNHk0BRBzikzuGDqNmPQbg5ifMEqsHLiIUcQ==

undici-types@~5.26.4:
  version "5.26.5"
  resolved "https://registry.yarnpkg.com/undici-types/-/undici-types-5.26.5.tgz#bcd539893d00b56e964fd2657a4866b221a65617"
  integrity sha512-JlCMO+ehdEIKqlFxk6IfVoAUVmgz7cU7zD/h9XZ0qzeosSHmUJVOzSQvvYSYWXkFXC+IfLKSIffhv0sVZup6pA==

zod@^3.23.8:
  version "3.23.8"
  resolved "https://registry.yarnpkg.com/zod/-/zod-3.23.8.tgz#e37b957b5d52079769fb8097099b592f0ef4067d"
  integrity sha512-XBx9AXhXktjUqnepgTiE5flcKIYWi/rme0Eaj+5Y0lftuGBq+jyRu/md4WnuxqgP1ubdpNCsYEYPxrzVHD8d6g==
